// !$*UTF8*$!
{
	archiveVersion = 1;
	classes = {
	};
	objectVersion = 48;
	objects = {

/* Begin PBXBuildFile section */
		254334A2D82124B37459DD23 /* libPods-WeChatCircle.a in Frameworks */ = {isa = PBXBuildFile; fileRef = D11BCC375F6C8D4AD2D19B15 /* libPods-WeChatCircle.a */; };
		A70C010C205A3E80005F4E6B /* LZCreatCircleViewController.m in Sources */ = {isa = PBXBuildFile; fileRef = A70C010A205A3E80005F4E6B /* LZCreatCircleViewController.m */; };
		A70C010D205A3E80005F4E6B /* LZCreatCircleViewController.xib in Resources */ = {isa = PBXBuildFile; fileRef = A70C010B205A3E80005F4E6B /* LZCreatCircleViewController.xib */; };
		A7192D04205A16C000C0B240 /* LZHomeViewController.m in Sources */ = {isa = PBXBuildFile; fileRef = A7192D02205A16C000C0B240 /* LZHomeViewController.m */; };
		A7192D09205A16DD00C0B240 /* LZAboutViewController.m in Sources */ = {isa = PBXBuildFile; fileRef = A7192D07205A16DD00C0B240 /* LZAboutViewController.m */; };
		A7192D0E205A170600C0B240 /* LZInfoViewController.m in Sources */ = {isa = PBXBuildFile; fileRef = A7192D0C205A170600C0B240 /* LZInfoViewController.m */; };
		A780519B2059442500A3A36B /* AppDelegate.m in Sources */ = {isa = PBXBuildFile; fileRef = A780519A2059442500A3A36B /* AppDelegate.m */; };
		A78051A42059442500A3A36B /* Main.storyboard in Resources */ = {isa = PBXBuildFile; fileRef = A78051A22059442500A3A36B /* Main.storyboard */; };
		A78051A62059442500A3A36B /* Assets.xcassets in Resources */ = {isa = PBXBuildFile; fileRef = A78051A52059442500A3A36B /* Assets.xcassets */; };
		A78051A92059442500A3A36B /* LaunchScreen.storyboard in Resources */ = {isa = PBXBuildFile; fileRef = A78051A72059442500A3A36B /* LaunchScreen.storyboard */; };
		A78051AC2059442500A3A36B /* main.m in Sources */ = {isa = PBXBuildFile; fileRef = A78051AB2059442500A3A36B /* main.m */; };
/* End PBXBuildFile section */

/* Begin PBXFileReference section */
		3C14D91C17395EB19F2BB52D /* Pods-WeChatCircle.debug.xcconfig */ = {isa = PBXFileReference; includeInIndex = 1; lastKnownFileType = text.xcconfig; name = "Pods-WeChatCircle.debug.xcconfig"; path = "Pods/Target Support Files/Pods-WeChatCircle/Pods-WeChatCircle.debug.xcconfig"; sourceTree = "<group>"; };
		68DBAD72D704B9BC635B8146 /* Pods-WeChatCircle.release.xcconfig */ = {isa = PBXFileReference; includeInIndex = 1; lastKnownFileType = text.xcconfig; name = "Pods-WeChatCircle.release.xcconfig"; path = "Pods/Target Support Files/Pods-WeChatCircle/Pods-WeChatCircle.release.xcconfig"; sourceTree = "<group>"; };
		A70C0109205A3E80005F4E6B /* LZCreatCircleViewController.h */ = {isa = PBXFileReference; lastKnownFileType = sourcecode.c.h; path = LZCreatCircleViewController.h; sourceTree = "<group>"; };
		A70C010A205A3E80005F4E6B /* LZCreatCircleViewController.m */ = {isa = PBXFileReference; lastKnownFileType = sourcecode.c.objc; path = LZCreatCircleViewController.m; sourceTree = "<group>"; };
		A70C010B205A3E80005F4E6B /* LZCreatCircleViewController.xib */ = {isa = PBXFileReference; lastKnownFileType = file.xib; path = LZCreatCircleViewController.xib; sourceTree = "<group>"; };
		A7192D01205A16C000C0B240 /* LZHomeViewController.h */ = {isa = PBXFileReference; lastKnownFileType = sourcecode.c.h; path = LZHomeViewController.h; sourceTree = "<group>"; };
		A7192D02205A16C000C0B240 /* LZHomeViewController.m */ = {isa = PBXFileReference; lastKnownFileType = sourcecode.c.objc; path = LZHomeViewController.m; sourceTree = "<group>"; };
		A7192D06205A16DD00C0B240 /* LZAboutViewController.h */ = {isa = PBXFileReference; lastKnownFileType = sourcecode.c.h; path = LZAboutViewController.h; sourceTree = "<group>"; };
		A7192D07205A16DD00C0B240 /* LZAboutViewController.m */ = {isa = PBXFileReference; lastKnownFileType = sourcecode.c.objc; path = LZAboutViewController.m; sourceTree = "<group>"; };
		A7192D0B205A170600C0B240 /* LZInfoViewController.h */ = {isa = PBXFileReference; lastKnownFileType = sourcecode.c.h; path = LZInfoViewController.h; sourceTree = "<group>"; };
		A7192D0C205A170600C0B240 /* LZInfoViewController.m */ = {isa = PBXFileReference; lastKnownFileType = sourcecode.c.objc; path = LZInfoViewController.m; sourceTree = "<group>"; };
		A78051962059442500A3A36B /* WeChatCircle.app */ = {isa = PBXFileReference; explicitFileType = wrapper.application; includeInIndex = 0; path = WeChatCircle.app; sourceTree = BUILT_PRODUCTS_DIR; };
		A78051992059442500A3A36B /* AppDelegate.h */ = {isa = PBXFileReference; lastKnownFileType = sourcecode.c.h; path = AppDelegate.h; sourceTree = "<group>"; };
		A780519A2059442500A3A36B /* AppDelegate.m */ = {isa = PBXFileReference; lastKnownFileType = sourcecode.c.objc; path = AppDelegate.m; sourceTree = "<group>"; };
		A78051A32059442500A3A36B /* Base */ = {isa = PBXFileReference; lastKnownFileType = file.storyboard; name = Base; path = Base.lproj/Main.storyboard; sourceTree = "<group>"; };
		A78051A52059442500A3A36B /* Assets.xcassets */ = {isa = PBXFileReference; lastKnownFileType = folder.assetcatalog; path = Assets.xcassets; sourceTree = "<group>"; };
		A78051A82059442500A3A36B /* Base */ = {isa = PBXFileReference; lastKnownFileType = file.storyboard; name = Base; path = Base.lproj/LaunchScreen.storyboard; sourceTree = "<group>"; };
		A78051AA2059442500A3A36B /* Info.plist */ = {isa = PBXFileReference; lastKnownFileType = text.plist.xml; path = Info.plist; sourceTree = "<group>"; };
		A78051AB2059442500A3A36B /* main.m */ = {isa = PBXFileReference; lastKnownFileType = sourcecode.c.objc; path = main.m; sourceTree = "<group>"; };
		D11BCC375F6C8D4AD2D19B15 /* libPods-WeChatCircle.a */ = {isa = PBXFileReference; explicitFileType = archive.ar; includeInIndex = 0; path = "libPods-WeChatCircle.a"; sourceTree = BUILT_PRODUCTS_DIR; };
/* End PBXFileReference section */

/* Begin PBXFrameworksBuildPhase section */
		A78051932059442500A3A36B /* Frameworks */ = {
			isa = PBXFrameworksBuildPhase;
			buildActionMask = 2147483647;
			files = (
				254334A2D82124B37459DD23 /* libPods-WeChatCircle.a in Frameworks */,
			);
			runOnlyForDeploymentPostprocessing = 0;
		};
/* End PBXFrameworksBuildPhase section */

/* Begin PBXGroup section */
		33A1CE4928A48B20D475AFDC /* Pods */ = {
			isa = PBXGroup;
			children = (
				3C14D91C17395EB19F2BB52D /* Pods-WeChatCircle.debug.xcconfig */,
				68DBAD72D704B9BC635B8146 /* Pods-WeChatCircle.release.xcconfig */,
			);
			name = Pods;
			sourceTree = "<group>";
		};
		A48A65A332812EB044571D88 /* Frameworks */ = {
			isa = PBXGroup;
			children = (
				D11BCC375F6C8D4AD2D19B15 /* libPods-WeChatCircle.a */,
			);
			name = Frameworks;
			sourceTree = "<group>";
		};
		A70C0108205A3E4D005F4E6B /* ViewController */ = {
			isa = PBXGroup;
			children = (
				A70C0109205A3E80005F4E6B /* LZCreatCircleViewController.h */,
				A70C010A205A3E80005F4E6B /* LZCreatCircleViewController.m */,
				A70C010B205A3E80005F4E6B /* LZCreatCircleViewController.xib */,
			);
			path = ViewController;
			sourceTree = "<group>";
		};
		A7192CFD205A15AB00C0B240 /* NavigationTabbar */ = {
			isa = PBXGroup;
			children = (
				A7192D01205A16C000C0B240 /* LZHomeViewController.h */,
				A7192D02205A16C000C0B240 /* LZHomeViewController.m */,
				A7192D06205A16DD00C0B240 /* LZAboutViewController.h */,
				A7192D07205A16DD00C0B240 /* LZAboutViewController.m */,
				A7192D0B205A170600C0B240 /* LZInfoViewController.h */,
				A7192D0C205A170600C0B240 /* LZInfoViewController.m */,
			);
			path = NavigationTabbar;
			sourceTree = "<group>";
		};
		A780518D2059442500A3A36B = {
			isa = PBXGroup;
			children = (
				A78051982059442500A3A36B /* WeChatCircle */,
				A78051972059442500A3A36B /* Products */,
				33A1CE4928A48B20D475AFDC /* Pods */,
				A48A65A332812EB044571D88 /* Frameworks */,
			);
			sourceTree = "<group>";
		};
		A78051972059442500A3A36B /* Products */ = {
			isa = PBXGroup;
			children = (
				A78051962059442500A3A36B /* WeChatCircle.app */,
			);
			name = Products;
			sourceTree = "<group>";
		};
		A78051982059442500A3A36B /* WeChatCircle */ = {
			isa = PBXGroup;
			children = (
				A70C0108205A3E4D005F4E6B /* ViewController */,
				A7192CFD205A15AB00C0B240 /* NavigationTabbar */,
				A78051992059442500A3A36B /* AppDelegate.h */,
				A780519A2059442500A3A36B /* AppDelegate.m */,
				A78051A22059442500A3A36B /* Main.storyboard */,
				A78051A52059442500A3A36B /* Assets.xcassets */,
				A78051A72059442500A3A36B /* LaunchScreen.storyboard */,
				A78051AA2059442500A3A36B /* Info.plist */,
				A78051AB2059442500A3A36B /* main.m */,
			);
			path = WeChatCircle;
			sourceTree = "<group>";
		};
/* End PBXGroup section */

/* Begin PBXNativeTarget section */
		A78051952059442500A3A36B /* WeChatCircle */ = {
			isa = PBXNativeTarget;
			buildConfigurationList = A78051AF2059442500A3A36B /* Build configuration list for PBXNativeTarget "WeChatCircle" */;
			buildPhases = (
				AE7B6C252FBB84E0A2D19426 /* [CP] Check Pods Manifest.lock */,
				A78051922059442500A3A36B /* Sources */,
				A78051932059442500A3A36B /* Frameworks */,
				A78051942059442500A3A36B /* Resources */,
				F74BB96DB8C6CA0CA27B8705 /* [CP] Embed Pods Frameworks */,
				1142667A4DCFF57A5AF6EF08 /* [CP] Copy Pods Resources */,
			);
			buildRules = (
			);
			dependencies = (
			);
			name = WeChatCircle;
			productName = WeChatCircle;
			productReference = A78051962059442500A3A36B /* WeChatCircle.app */;
			productType = "com.apple.product-type.application";
		};
/* End PBXNativeTarget section */

/* Begin PBXProject section */
		A780518E2059442500A3A36B /* Project object */ = {
			isa = PBXProject;
			attributes = {
				LastUpgradeCheck = 0920;
				ORGANIZATIONNAME = xunni;
				TargetAttributes = {
					A78051952059442500A3A36B = {
						CreatedOnToolsVersion = 9.2;
						ProvisioningStyle = Automatic;
					};
				};
			};
			buildConfigurationList = A78051912059442500A3A36B /* Build configuration list for PBXProject "WeChatCircle" */;
			compatibilityVersion = "Xcode 8.0";
			developmentRegion = en;
			hasScannedForEncodings = 0;
			knownRegions = (
				en,
				Base,
			);
			mainGroup = A780518D2059442500A3A36B;
			productRefGroup = A78051972059442500A3A36B /* Products */;
			projectDirPath = "";
			projectRoot = "";
			targets = (
				A78051952059442500A3A36B /* WeChatCircle */,
			);
		};
/* End PBXProject section */

/* Begin PBXResourcesBuildPhase section */
		A78051942059442500A3A36B /* Resources */ = {
			isa = PBXResourcesBuildPhase;
			buildActionMask = 2147483647;
			files = (
				A70C010D205A3E80005F4E6B /* LZCreatCircleViewController.xib in Resources */,
				A78051A92059442500A3A36B /* LaunchScreen.storyboard in Resources */,
				A78051A62059442500A3A36B /* Assets.xcassets in Resources */,
				A78051A42059442500A3A36B /* Main.storyboard in Resources */,
			);
			runOnlyForDeploymentPostprocessing = 0;
		};
/* End PBXResourcesBuildPhase section */

/* Begin PBXShellScriptBuildPhase section */
		1142667A4DCFF57A5AF6EF08 /* [CP] Copy Pods Resources */ = {
			isa = PBXShellScriptBuildPhase;
			buildActionMask = 2147483647;
			files = (
			);
			inputPaths = (
				"${SRCROOT}/Pods/Target Support Files/Pods-WeChatCircle/Pods-WeChatCircle-resources.sh",
				"${PODS_ROOT}/IDMPhotoBrowser/Classes/IDMPhotoBrowser.bundle",
				"${PODS_ROOT}/IDMPhotoBrowser/Classes/IDMPBLocalizations.bundle",
				"${PODS_ROOT}/LCProgressHUD/LCProgressHUD/LCProgressHUD.bundle",
			);
			name = "[CP] Copy Pods Resources";
			outputPaths = (
				"${TARGET_BUILD_DIR}/${UNLOCALIZED_RESOURCES_FOLDER_PATH}/IDMPhotoBrowser.bundle",
				"${TARGET_BUILD_DIR}/${UNLOCALIZED_RESOURCES_FOLDER_PATH}/IDMPBLocalizations.bundle",
				"${TARGET_BUILD_DIR}/${UNLOCALIZED_RESOURCES_FOLDER_PATH}/LCProgressHUD.bundle",
			);
			runOnlyForDeploymentPostprocessing = 0;
			shellPath = /bin/sh;
			shellScript = "\"${SRCROOT}/Pods/Target Support Files/Pods-WeChatCircle/Pods-WeChatCircle-resources.sh\"\n";
			showEnvVarsInLog = 0;
		};
		AE7B6C252FBB84E0A2D19426 /* [CP] Check Pods Manifest.lock */ = {
			isa = PBXShellScriptBuildPhase;
			buildActionMask = 2147483647;
			files = (
			);
			inputPaths = (
				"${PODS_PODFILE_DIR_PATH}/Podfile.lock",
				"${PODS_ROOT}/Manifest.lock",
			);
			name = "[CP] Check Pods Manifest.lock";
			outputPaths = (
				"$(DERIVED_FILE_DIR)/Pods-WeChatCircle-checkManifestLockResult.txt",
			);
			runOnlyForDeploymentPostprocessing = 0;
			shellPath = /bin/sh;
			shellScript = "diff \"${PODS_PODFILE_DIR_PATH}/Podfile.lock\" \"${PODS_ROOT}/Manifest.lock\" > /dev/null\nif [ $? != 0 ] ; then\n    # print error to STDERR\n    echo \"error: The sandbox is not in sync with the Podfile.lock. Run 'pod install' or update your CocoaPods installation.\" >&2\n    exit 1\nfi\n# This output is used by Xcode 'outputs' to avoid re-running this script phase.\necho \"SUCCESS\" > \"${SCRIPT_OUTPUT_FILE_0}\"\n";
			showEnvVarsInLog = 0;
		};
		F74BB96DB8C6CA0CA27B8705 /* [CP] Embed Pods Frameworks */ = {
			isa = PBXShellScriptBuildPhase;
			buildActionMask = 2147483647;
			files = (
			);
			inputPaths = (
			);
			name = "[CP] Embed Pods Frameworks";
			outputPaths = (
			);
			runOnlyForDeploymentPostprocessing = 0;
			shellPath = /bin/sh;
			shellScript = "\"${SRCROOT}/Pods/Target Support Files/Pods-WeChatCircle/Pods-WeChatCircle-frameworks.sh\"\n";
			showEnvVarsInLog = 0;
		};
/* End PBXShellScriptBuildPhase section */

/* Begin PBXSourcesBuildPhase section */
		A78051922059442500A3A36B /* Sources */ = {
			isa = PBXSourcesBuildPhase;
			buildActionMask = 2147483647;
			files = (
				A70C010C205A3E80005F4E6B /* LZCreatCircleViewController.m in Sources */,
				A7192D04205A16C000C0B240 /* LZHomeViewController.m in Sources */,
				A7192D0E205A170600C0B240 /* LZInfoViewController.m in Sources */,
				A780519B2059442500A3A36B /* AppDelegate.m in Sources */,
				A78051AC2059442500A3A36B /* main.m in Sources */,
				A7192D09205A16DD00C0B240 /* LZAboutViewController.m in Sources */,
			);
			runOnlyForDeploymentPostprocessing = 0;
		};
/* End PBXSourcesBuildPhase section */

/* Begin PBXVariantGroup section */
		A78051A22059442500A3A36B /* Main.storyboard */ = {
			isa = PBXVariantGroup;
			children = (
				A78051A32059442500A3A36B /* Base */,
			);
			name = Main.storyboard;
			sourceTree = "<group>";
		};
		A78051A72059442500A3A36B /* LaunchScreen.storyboard */ = {
			isa = PBXVariantGroup;
			children = (
				A78051A82059442500A3A36B /* Base */,
			);
			name = LaunchScreen.storyboard;
			sourceTree = "<group>";
		};
/* End PBXVariantGroup section */

/* Begin XCBuildConfiguration section */
		A78051AD2059442500A3A36B /* Debug */ = {
			isa = XCBuildConfiguration;
			buildSettings = {
				ALWAYS_SEARCH_USER_PATHS = NO;
				CLANG_ANALYZER_NONNULL = YES;
				CLANG_ANALYZER_NUMBER_OBJECT_CONVERSION = YES_AGGRESSIVE;
				CLANG_CXX_LANGUAGE_STANDARD = "gnu++14";
				CLANG_CXX_LIBRARY = "libc++";
				CLANG_ENABLE_MODULES = YES;
				CLANG_ENABLE_OBJC_ARC = YES;
				CLANG_WARN_BLOCK_CAPTURE_AUTORELEASING = YES;
				CLANG_WARN_BOOL_CONVERSION = YES;
				CLANG_WARN_COMMA = YES;
				CLANG_WARN_CONSTANT_CONVERSION = YES;
				CLANG_WARN_DIRECT_OBJC_ISA_USAGE = YES_ERROR;
				CLANG_WARN_DOCUMENTATION_COMMENTS = YES;
				CLANG_WARN_EMPTY_BODY = YES;
				CLANG_WARN_ENUM_CONVERSION = YES;
				CLANG_WARN_INFINITE_RECURSION = YES;
				CLANG_WARN_INT_CONVERSION = YES;
				CLANG_WARN_NON_LITERAL_NULL_CONVERSION = YES;
				CLANG_WARN_OBJC_LITERAL_CONVERSION = YES;
				CLANG_WARN_OBJC_ROOT_CLASS = YES_ERROR;
				CLANG_WARN_RANGE_LOOP_ANALYSIS = YES;
				CLANG_WARN_STRICT_PROTOTYPES = YES;
				CLANG_WARN_SUSPICIOUS_MOVE = YES;
				CLANG_WARN_UNGUARDED_AVAILABILITY = YES_AGGRESSIVE;
				CLANG_WARN_UNREACHABLE_CODE = YES;
				CLANG_WARN__DUPLICATE_METHOD_MATCH = YES;
				CODE_SIGN_IDENTITY = "iPhone Developer";
				COPY_PHASE_STRIP = NO;
				DEBUG_INFORMATION_FORMAT = dwarf;
				ENABLE_STRICT_OBJC_MSGSEND = YES;
				ENABLE_TESTABILITY = YES;
				GCC_C_LANGUAGE_STANDARD = gnu11;
				GCC_DYNAMIC_NO_PIC = NO;
				GCC_NO_COMMON_BLOCKS = YES;
				GCC_OPTIMIZATION_LEVEL = 0;
				GCC_PREPROCESSOR_DEFINITIONS = (
					"DEBUG=1",
					"$(inherited)",
				);
				GCC_WARN_64_TO_32_BIT_CONVERSION = YES;
				GCC_WARN_ABOUT_RETURN_TYPE = YES_ERROR;
				GCC_WARN_UNDECLARED_SELECTOR = YES;
				GCC_WARN_UNINITIALIZED_AUTOS = YES_AGGRESSIVE;
				GCC_WARN_UNUSED_FUNCTION = YES;
				GCC_WARN_UNUSED_VARIABLE = YES;
				IPHONEOS_DEPLOYMENT_TARGET = 9.0;
				MTL_ENABLE_DEBUG_INFO = YES;
				ONLY_ACTIVE_ARCH = YES;
				SDKROOT = iphoneos;
			};
			name = Debug;
		};
		A78051AE2059442500A3A36B /* Release */ = {
			isa = XCBuildConfiguration;
			buildSettings = {
				ALWAYS_SEARCH_USER_PATHS = NO;
				CLANG_ANALYZER_NONNULL = YES;
				CLANG_ANALYZER_NUMBER_OBJECT_CONVERSION = YES_AGGRESSIVE;
				CLANG_CXX_LANGUAGE_STANDARD = "gnu++14";
				CLANG_CXX_LIBRARY = "libc++";
				CLANG_ENABLE_MODULES = YES;
				CLANG_ENABLE_OBJC_ARC = YES;
				CLANG_WARN_BLOCK_CAPTURE_AUTORELEASING = YES;
				CLANG_WARN_BOOL_CONVERSION = YES;
				CLANG_WARN_COMMA = YES;
				CLANG_WARN_CONSTANT_CONVERSION = YES;
				CLANG_WARN_DIRECT_OBJC_ISA_USAGE = YES_ERROR;
				CLANG_WARN_DOCUMENTATION_COMMENTS = YES;
				CLANG_WARN_EMPTY_BODY = YES;
				CLANG_WARN_ENUM_CONVERSION = YES;
				CLANG_WARN_INFINITE_RECURSION = YES;
				CLANG_WARN_INT_CONVERSION = YES;
				CLANG_WARN_NON_LITERAL_NULL_CONVERSION = YES;
				CLANG_WARN_OBJC_LITERAL_CONVERSION = YES;
				CLANG_WARN_OBJC_ROOT_CLASS = YES_ERROR;
				CLANG_WARN_RANGE_LOOP_ANALYSIS = YES;
				CLANG_WARN_STRICT_PROTOTYPES = YES;
				CLANG_WARN_SUSPICIOUS_MOVE = YES;
				CLANG_WARN_UNGUARDED_AVAILABILITY = YES_AGGRESSIVE;
				CLANG_WARN_UNREACHABLE_CODE = YES;
				CLANG_WARN__DUPLICATE_METHOD_MATCH = YES;
				CODE_SIGN_IDENTITY = "iPhone Developer";
				COPY_PHASE_STRIP = NO;
				DEBUG_INFORMATION_FORMAT = "dwarf-with-dsym";
				ENABLE_NS_ASSERTIONS = NO;
				ENABLE_STRICT_OBJC_MSGSEND = YES;
				GCC_C_LANGUAGE_STANDARD = gnu11;
				GCC_NO_COMMON_BLOCKS = YES;
				GCC_WARN_64_TO_32_BIT_CONVERSION = YES;
				GCC_WARN_ABOUT_RETURN_TYPE = YES_ERROR;
				GCC_WARN_UNDECLARED_SELECTOR = YES;
				GCC_WARN_UNINITIALIZED_AUTOS = YES_AGGRESSIVE;
				GCC_WARN_UNUSED_FUNCTION = YES;
				GCC_WARN_UNUSED_VARIABLE = YES;
				IPHONEOS_DEPLOYMENT_TARGET = 9.0;
				MTL_ENABLE_DEBUG_INFO = NO;
				SDKROOT = iphoneos;
				VALIDATE_PRODUCT = YES;
			};
			name = Release;
		};
		A78051B02059442500A3A36B /* Debug */ = {
			isa = XCBuildConfiguration;
			baseConfigurationReference = 3C14D91C17395EB19F2BB52D /* Pods-WeChatCircle.debug.xcconfig */;
			buildSettings = {
				ASSETCATALOG_COMPILER_APPICON_NAME = AppIcon;
				CODE_SIGN_STYLE = Automatic;
				DEVELOPMENT_TEAM = 96352HMS4C;
				INFOPLIST_FILE = WeChatCircle/Info.plist;
				LD_RUNPATH_SEARCH_PATHS = "$(inherited) @executable_path/Frameworks";
				PRODUCT_BUNDLE_IDENTIFIER = com.zy.WeChatCircle.WeChatCircle;
				PRODUCT_NAME = "$(TARGET_NAME)";
				TARGETED_DEVICE_FAMILY = "1,2";
			};
			name = Debug;
		};
		A78051B12059442500A3A36B /* Release */ = {
			isa = XCBuildConfiguration;
			baseConfigurationReference = 68DBAD72D704B9BC635B8146 /* Pods-WeChatCircle.release.xcconfig */;
			buildSettings = {
				ASSETCATALOG_COMPILER_APPICON_NAME = AppIcon;
				CODE_SIGN_STYLE = Automatic;
				DEVELOPMENT_TEAM = 96352HMS4C;
				INFOPLIST_FILE = WeChatCircle/Info.plist;
				LD_RUNPATH_SEARCH_PATHS = "$(inherited) @executable_path/Frameworks";
				PRODUCT_BUNDLE_IDENTIFIER = com.zy.WeChatCircle.WeChatCircle;
				PRODUCT_NAME = "$(TARGET_NAME)";
				TARGETED_DEVICE_FAMILY = "1,2";
			};
			name = Release;
		};
/* End XCBuildConfiguration section */

/* Begin XCConfigurationList section */
		A78051912059442500A3A36B /* Build configuration list for PBXProject "WeChatCircle" */ = {
			isa = XCConfigurationList;
			buildConfigurations = (
				A78051AD2059442500A3A36B /* Debug */,
				A78051AE2059442500A3A36B /* Release */,
			);
			defaultConfigurationIsVisible = 0;
			defaultConfigurationName = Release;
		};
		A78051AF2059442500A3A36B /* Build configuration list for PBXNativeTarget "WeChatCircle" */ = {
			isa = XCConfigurationList;
			buildConfigurations = (
				A78051B02059442500A3A36B /* Debug */,
				A78051B12059442500A3A36B /* Release */,
			);
			defaultConfigurationIsVisible = 0;
			defaultConfigurationName = Release;
		};
/* End XCConfigurationList section */
	};
	rootObject = A780518E2059442500A3A36B /* Project object */;
}
